
Microsoft Visual Studio Solution File, Format Version 12.00
# Visual Studio Version 17
VisualStudioVersion = 17.11.35303.130
MinimumVisualStudioVersion = 10.0.40219.1
Project("{FAE04EC0-301F-11D3-BF4B-00C04F79EFBC}") = "HigherLower", "HigherLower\HigherLower.csproj", "{51D7B587-0BF0-4D7D-BBA0-89A4374B0144}"
EndProject
Global
	GlobalSection(SolutionConfigurationPlatforms) = preSolution
		Debug|Any CPU = Debug|Any CPU
		Release|Any CPU = Release|Any CPU
	EndGlobalSection
	GlobalSection(ProjectConfigurationPlatforms) = postSolution
		{51D7B587-0BF0-4D7D-BBA0-89A4374B0144}.Debug|Any CPU.ActiveCfg = Debug|Any CPU
		{51D7B587-0BF0-4D7D-BBA0-89A4374B0144}.Debug|Any CPU.Build.0 = Debug|Any CPU
		{51D7B587-0BF0-4D7D-BBA0-89A4374B0144}.Release|Any CPU.ActiveCfg = Release|Any CPU
		{51D7B587-0BF0-4D7D-BBA0-89A4374B0144}.Release|Any CPU.Build.0 = Release|Any CPU
	EndGlobalSection
	GlobalSection(SolutionProperties) = preSolution
		HideSolutionNode = FALSE
	EndGlobalSection
	GlobalSection(ExtensibilityGlobals) = postSolution
		SolutionGuid = {197923FB-71B6-42FD-A21C-D919DA095B15}
	EndGlobalSection
EndGlobal
