
Microsoft Visual Studio Solution File, Format Version 12.00
# Visual Studio Version 17
VisualStudioVersion = 17.11.35303.130
MinimumVisualStudioVersion = 10.0.40219.1
Project("{FAE04EC0-301F-11D3-BF4B-00C04F79EFBC}") = "Tetris", "Tetris\Tetris.csproj", "{E3FD2CB2-D341-4BAF-84F6-C51A404B502C}"
EndProject
Global
	GlobalSection(SolutionConfigurationPlatforms) = preSolution
		Debug|Any CPU = Debug|Any CPU
		Release|Any CPU = Release|Any CPU
	EndGlobalSection
	GlobalSection(ProjectConfigurationPlatforms) = postSolution
		{E3FD2CB2-D341-4BAF-84F6-C51A404B502C}.Debug|Any CPU.ActiveCfg = Debug|Any CPU
		{E3FD2CB2-D341-4BAF-84F6-C51A404B502C}.Debug|Any CPU.Build.0 = Debug|Any CPU
		{E3FD2CB2-D341-4BAF-84F6-C51A404B502C}.Release|Any CPU.ActiveCfg = Release|Any CPU
		{E3FD2CB2-D341-4BAF-84F6-C51A404B502C}.Release|Any CPU.Build.0 = Release|Any CPU
	EndGlobalSection
	GlobalSection(SolutionProperties) = preSolution
		HideSolutionNode = FALSE
	EndGlobalSection
	GlobalSection(ExtensibilityGlobals) = postSolution
		SolutionGuid = {D81DB3BF-F6C7-4FC1-8B6B-E4FF6742526C}
	EndGlobalSection
EndGlobal
